
Microsoft Visual Studio Solution File, Format Version 12.00
# Visual Studio 2012
Project("{FAE04EC0-301F-11D3-BF4B-00C04F79EFBC}") = "test2", "test2\test2.csproj", "{78A4EEAF-A160-4023-B15C-184CC7C98406}"
EndProject
Project("{FAE04EC0-301F-11D3-BF4B-00C04F79EFBC}") = "test2.iOS", "iOS\test2.iOS.csproj", "{66D7E189-D734-47F1-A144-D3F9CC5AF4D1}"
EndProject
Project("{FAE04EC0-301F-11D3-BF4B-00C04F79EFBC}") = "test2.Android", "Android\test2.Android.csproj", "{E3E64B1F-871C-471E-B161-33E808DC8730}"
EndProject
Global
	GlobalSection(SolutionConfigurationPlatforms) = preSolution
		Debug|Any CPU = Debug|Any CPU
		Release|Any CPU = Release|Any CPU
		Debug|iPhoneSimulator = Debug|iPhoneSimulator
		Release|iPhoneSimulator = Release|iPhoneSimulator
		Debug|iPhone = Debug|iPhone
		Release|iPhone = Release|iPhone
		Ad-Hoc|iPhone = Ad-Hoc|iPhone
		AppStore|iPhone = AppStore|iPhone
	EndGlobalSection
	GlobalSection(ProjectConfigurationPlatforms) = postSolution
		{66D7E189-D734-47F1-A144-D3F9CC5AF4D1}.Ad-Hoc|iPhone.ActiveCfg = Ad-Hoc|iPhone
		{66D7E189-D734-47F1-A144-D3F9CC5AF4D1}.Ad-Hoc|iPhone.Build.0 = Ad-Hoc|iPhone
		{66D7E189-D734-47F1-A144-D3F9CC5AF4D1}.AppStore|iPhone.ActiveCfg = AppStore|iPhone
		{66D7E189-D734-47F1-A144-D3F9CC5AF4D1}.AppStore|iPhone.Build.0 = AppStore|iPhone
		{66D7E189-D734-47F1-A144-D3F9CC5AF4D1}.Debug|Any CPU.ActiveCfg = Debug|iPhoneSimulator
		{66D7E189-D734-47F1-A144-D3F9CC5AF4D1}.Debug|Any CPU.Build.0 = Debug|iPhoneSimulator
		{66D7E189-D734-47F1-A144-D3F9CC5AF4D1}.Debug|iPhone.ActiveCfg = Debug|iPhone
		{66D7E189-D734-47F1-A144-D3F9CC5AF4D1}.Debug|iPhone.Build.0 = Debug|iPhone
		{66D7E189-D734-47F1-A144-D3F9CC5AF4D1}.Debug|iPhoneSimulator.ActiveCfg = Debug|iPhoneSimulator
		{66D7E189-D734-47F1-A144-D3F9CC5AF4D1}.Debug|iPhoneSimulator.Build.0 = Debug|iPhoneSimulator
		{66D7E189-D734-47F1-A144-D3F9CC5AF4D1}.Release|Any CPU.ActiveCfg = Release|iPhoneSimulator
		{66D7E189-D734-47F1-A144-D3F9CC5AF4D1}.Release|Any CPU.Build.0 = Release|iPhoneSimulator
		{66D7E189-D734-47F1-A144-D3F9CC5AF4D1}.Release|iPhone.ActiveCfg = Release|iPhone
		{66D7E189-D734-47F1-A144-D3F9CC5AF4D1}.Release|iPhone.Build.0 = Release|iPhone
		{66D7E189-D734-47F1-A144-D3F9CC5AF4D1}.Release|iPhoneSimulator.ActiveCfg = Release|iPhoneSimulator
		{66D7E189-D734-47F1-A144-D3F9CC5AF4D1}.Release|iPhoneSimulator.Build.0 = Release|iPhoneSimulator
		{78A4EEAF-A160-4023-B15C-184CC7C98406}.Ad-Hoc|iPhone.ActiveCfg = Debug|Any CPU
		{78A4EEAF-A160-4023-B15C-184CC7C98406}.Ad-Hoc|iPhone.Build.0 = Debug|Any CPU
		{78A4EEAF-A160-4023-B15C-184CC7C98406}.AppStore|iPhone.ActiveCfg = Debug|Any CPU
		{78A4EEAF-A160-4023-B15C-184CC7C98406}.AppStore|iPhone.Build.0 = Debug|Any CPU
		{78A4EEAF-A160-4023-B15C-184CC7C98406}.Debug|Any CPU.ActiveCfg = Debug|Any CPU
		{78A4EEAF-A160-4023-B15C-184CC7C98406}.Debug|Any CPU.Build.0 = Debug|Any CPU
		{78A4EEAF-A160-4023-B15C-184CC7C98406}.Debug|iPhone.ActiveCfg = Debug|Any CPU
		{78A4EEAF-A160-4023-B15C-184CC7C98406}.Debug|iPhone.Build.0 = Debug|Any CPU
		{78A4EEAF-A160-4023-B15C-184CC7C98406}.Debug|iPhoneSimulator.ActiveCfg = Debug|Any CPU
		{78A4EEAF-A160-4023-B15C-184CC7C98406}.Debug|iPhoneSimulator.Build.0 = Debug|Any CPU
		{78A4EEAF-A160-4023-B15C-184CC7C98406}.Release|Any CPU.ActiveCfg = Release|Any CPU
		{78A4EEAF-A160-4023-B15C-184CC7C98406}.Release|Any CPU.Build.0 = Release|Any CPU
		{78A4EEAF-A160-4023-B15C-184CC7C98406}.Release|iPhone.ActiveCfg = Release|Any CPU
		{78A4EEAF-A160-4023-B15C-184CC7C98406}.Release|iPhone.Build.0 = Release|Any CPU
		{78A4EEAF-A160-4023-B15C-184CC7C98406}.Release|iPhoneSimulator.ActiveCfg = Release|Any CPU
		{78A4EEAF-A160-4023-B15C-184CC7C98406}.Release|iPhoneSimulator.Build.0 = Release|Any CPU
		{E3E64B1F-871C-471E-B161-33E808DC8730}.Ad-Hoc|iPhone.ActiveCfg = Debug|Any CPU
		{E3E64B1F-871C-471E-B161-33E808DC8730}.Ad-Hoc|iPhone.Build.0 = Debug|Any CPU
		{E3E64B1F-871C-471E-B161-33E808DC8730}.AppStore|iPhone.ActiveCfg = Debug|Any CPU
		{E3E64B1F-871C-471E-B161-33E808DC8730}.AppStore|iPhone.Build.0 = Debug|Any CPU
		{E3E64B1F-871C-471E-B161-33E808DC8730}.Debug|Any CPU.ActiveCfg = Debug|Any CPU
		{E3E64B1F-871C-471E-B161-33E808DC8730}.Debug|Any CPU.Build.0 = Debug|Any CPU
		{E3E64B1F-871C-471E-B161-33E808DC8730}.Debug|iPhone.ActiveCfg = Debug|Any CPU
		{E3E64B1F-871C-471E-B161-33E808DC8730}.Debug|iPhone.Build.0 = Debug|Any CPU
		{E3E64B1F-871C-471E-B161-33E808DC8730}.Debug|iPhoneSimulator.ActiveCfg = Debug|Any CPU
		{E3E64B1F-871C-471E-B161-33E808DC8730}.Debug|iPhoneSimulator.Build.0 = Debug|Any CPU
		{E3E64B1F-871C-471E-B161-33E808DC8730}.Release|Any CPU.ActiveCfg = Release|Any CPU
		{E3E64B1F-871C-471E-B161-33E808DC8730}.Release|Any CPU.Build.0 = Release|Any CPU
		{E3E64B1F-871C-471E-B161-33E808DC8730}.Release|iPhone.ActiveCfg = Release|Any CPU
		{E3E64B1F-871C-471E-B161-33E808DC8730}.Release|iPhone.Build.0 = Release|Any CPU
		{E3E64B1F-871C-471E-B161-33E808DC8730}.Release|iPhoneSimulator.ActiveCfg = Release|Any CPU
		{E3E64B1F-871C-471E-B161-33E808DC8730}.Release|iPhoneSimulator.Build.0 = Release|Any CPU
	EndGlobalSection
	GlobalSection(MonoDevelopProperties) = preSolution
		StartupItem = iOS\test2.iOS.csproj
	EndGlobalSection
EndGlobal
